{
  "name": "avert-utilities",
  "version": "1.0.0",
  "lockfileVersion": 3,
  "requires": true,
  "packages": {
    "": {
      "name": "avert-utilities",
      "version": "1.0.0",
      "license": "CC0-1.0",
      "dependencies": {
        "xlsx": "https://cdn.sheetjs.com/xlsx-0.20.3/xlsx-0.20.3.tgz"
      },
      "engines": {
        "node": ">=20.6.0"
      }
    },
    "node_modules/xlsx": {
      "version": "0.20.3",
      "resolved": "https://cdn.sheetjs.com/xlsx-0.20.3/xlsx-0.20.3.tgz",
      "integrity": "sha512-oLDq3jw7AcLqKWH2AhCpVTZl8mf6X2YReP+Neh0SJUzV/BdZYjth94tG5toiMB1PPrYtxOCfaoUCkvtuH+3AJA==",
      "license": "Apache-2.0",
      "bin": {
        "xlsx": "bin/xlsx.njs"
      },
      "engines": {
        "node": ">=0.8"
      }
    }
  }
}
